
Microsoft Visual Studio Solution File, Format Version 12.00
# Visual Studio Version 17
VisualStudioVersion = 17.0.31903.59
MinimumVisualStudioVersion = 10.0.40219.1
Project("{FAE04EC0-301F-11D3-BF4B-00C04F79EFBC}") = "TodoList", "TodoList\TodoList.csproj", "{078D8D51-A101-4AAC-B6ED-DC056F786834}"
EndProject
Project("{FAE04EC0-301F-11D3-BF4B-00C04F79EFBC}") = "TodoList.API", "TodoList.API\TodoList.API.csproj", "{49F1041B-2C0E-46B8-97EE-E2FAF5D63171}"
EndProject
Project("{FAE04EC0-301F-11D3-BF4B-00C04F79EFBC}") = "TodoList.Models", "TodoList.Models\TodoList.Models.csproj", "{988DB0AB-6F49-4206-B79B-A3DEA2965F2B}"
EndProject
Global
	GlobalSection(SolutionConfigurationPlatforms) = preSolution
		Debug|Any CPU = Debug|Any CPU
		Release|Any CPU = Release|Any CPU
	EndGlobalSection
	GlobalSection(SolutionProperties) = preSolution
		HideSolutionNode = FALSE
	EndGlobalSection
	GlobalSection(ProjectConfigurationPlatforms) = postSolution
		{078D8D51-A101-4AAC-B6ED-DC056F786834}.Debug|Any CPU.ActiveCfg = Debug|Any CPU
		{078D8D51-A101-4AAC-B6ED-DC056F786834}.Debug|Any CPU.Build.0 = Debug|Any CPU
		{078D8D51-A101-4AAC-B6ED-DC056F786834}.Release|Any CPU.ActiveCfg = Release|Any CPU
		{078D8D51-A101-4AAC-B6ED-DC056F786834}.Release|Any CPU.Build.0 = Release|Any CPU
		{49F1041B-2C0E-46B8-97EE-E2FAF5D63171}.Debug|Any CPU.ActiveCfg = Debug|Any CPU
		{49F1041B-2C0E-46B8-97EE-E2FAF5D63171}.Debug|Any CPU.Build.0 = Debug|Any CPU
		{49F1041B-2C0E-46B8-97EE-E2FAF5D63171}.Release|Any CPU.ActiveCfg = Release|Any CPU
		{49F1041B-2C0E-46B8-97EE-E2FAF5D63171}.Release|Any CPU.Build.0 = Release|Any CPU
		{988DB0AB-6F49-4206-B79B-A3DEA2965F2B}.Debug|Any CPU.ActiveCfg = Debug|Any CPU
		{988DB0AB-6F49-4206-B79B-A3DEA2965F2B}.Debug|Any CPU.Build.0 = Debug|Any CPU
		{988DB0AB-6F49-4206-B79B-A3DEA2965F2B}.Release|Any CPU.ActiveCfg = Release|Any CPU
		{988DB0AB-6F49-4206-B79B-A3DEA2965F2B}.Release|Any CPU.Build.0 = Release|Any CPU
	EndGlobalSection
EndGlobal
